
Microsoft Visual Studio Solution File, Format Version 12.00
# Visual Studio Version 17
VisualStudioVersion = 17.10.35027.167
MinimumVisualStudioVersion = 10.0.40219.1
Project("{2150E333-8FDC-42A3-9474-1A3956D46DE8}") = "Services", "Services", "{3BE30879-0567-467A-90B6-9A667C692BC6}"
EndProject
Project("{2150E333-8FDC-42A3-9474-1A3956D46DE8}") = "Catalog", "Catalog", "{135FABE2-0F9B-498C-9284-09884E35327C}"
EndProject
Project("{9A19103F-16F7-4668-BE54-9A1E7A4F7556}") = "Catalog.API", "Services\Catalog\Catalog.API\Catalog.API.csproj", "{9275C685-2CD6-4ED5-9398-A638A0C5EC6B}"
EndProject
Project("{2150E333-8FDC-42A3-9474-1A3956D46DE8}") = "BuildingBlocks", "BuildingBlocks", "{60D1ED01-D21F-4CA7-9A0F-FE427D3761EA}"
EndProject
Project("{9A19103F-16F7-4668-BE54-9A1E7A4F7556}") = "BuildingBlocks", "BuildingBlocks\BuildingBlocks\BuildingBlocks.csproj", "{9510BFD3-C017-453F-A458-8D6D3B5BFE73}"
EndProject
Project("{E53339B2-1760-4266-BCC7-CA923CBCF16C}") = "docker-compose", "docker-compose.dcproj", "{40D7C72E-6CD4-4CDE-9C5C-2A630EFB9951}"
EndProject
Project("{2150E333-8FDC-42A3-9474-1A3956D46DE8}") = "Basket", "Basket", "{0AED0EE8-1AC2-41E5-9B47-DEF8F71ABF87}"
EndProject
Project("{9A19103F-16F7-4668-BE54-9A1E7A4F7556}") = "Basket.API", "Services\Basket\Basket.API\Basket.API.csproj", "{109ADD2D-7C68-4D52-89CA-9FCC9739B582}"
EndProject
Project("{2150E333-8FDC-42A3-9474-1A3956D46DE8}") = "Discount", "Discount", "{BD740BB2-5ADD-4F9A-8992-E850B15B0055}"
EndProject
Project("{9A19103F-16F7-4668-BE54-9A1E7A4F7556}") = "Discount.Grpc", "Services\Discount\Discount.Grpc\Discount.Grpc.csproj", "{1FAD121A-3FC8-4F5A-9FB8-04A153BFFCCA}"
EndProject
Project("{2150E333-8FDC-42A3-9474-1A3956D46DE8}") = "Ordering", "Ordering", "{E65AEBBA-2813-4D49-B157-4DDA42EB5831}"
EndProject
Project("{9A19103F-16F7-4668-BE54-9A1E7A4F7556}") = "Ordering.API", "Services\Ordering\Ordering.API\Ordering.API.csproj", "{E981FFCF-5BA9-442F-804E-355D99931DF1}"
EndProject
Project("{FAE04EC0-301F-11D3-BF4B-00C04F79EFBC}") = "Ordering.Domain", "Services\Ordering\Ordering.Domain\Ordering.Domain.csproj", "{97D21AFC-6FD7-47AE-BE4B-F4AB0514E3B7}"
EndProject
Project("{FAE04EC0-301F-11D3-BF4B-00C04F79EFBC}") = "Ordering.Application", "Services\Ordering\Ordering.Application\Ordering.Application.csproj", "{45E8C4BB-20FE-4415-96BF-0EB631C4E806}"
EndProject
Project("{FAE04EC0-301F-11D3-BF4B-00C04F79EFBC}") = "Ordering.Infrastructure", "Services\Ordering\Ordering.Infrastructure\Ordering.Infrastructure.csproj", "{C57ABD6D-B8A2-465E-AF74-48AFCDCC5542}"
EndProject
Global
	GlobalSection(SolutionConfigurationPlatforms) = preSolution
		Debug|Any CPU = Debug|Any CPU
		Release|Any CPU = Release|Any CPU
	EndGlobalSection
	GlobalSection(ProjectConfigurationPlatforms) = postSolution
		{9275C685-2CD6-4ED5-9398-A638A0C5EC6B}.Debug|Any CPU.ActiveCfg = Debug|Any CPU
		{9275C685-2CD6-4ED5-9398-A638A0C5EC6B}.Debug|Any CPU.Build.0 = Debug|Any CPU
		{9275C685-2CD6-4ED5-9398-A638A0C5EC6B}.Release|Any CPU.ActiveCfg = Release|Any CPU
		{9275C685-2CD6-4ED5-9398-A638A0C5EC6B}.Release|Any CPU.Build.0 = Release|Any CPU
		{9510BFD3-C017-453F-A458-8D6D3B5BFE73}.Debug|Any CPU.ActiveCfg = Debug|Any CPU
		{9510BFD3-C017-453F-A458-8D6D3B5BFE73}.Debug|Any CPU.Build.0 = Debug|Any CPU
		{9510BFD3-C017-453F-A458-8D6D3B5BFE73}.Release|Any CPU.ActiveCfg = Release|Any CPU
		{9510BFD3-C017-453F-A458-8D6D3B5BFE73}.Release|Any CPU.Build.0 = Release|Any CPU
		{40D7C72E-6CD4-4CDE-9C5C-2A630EFB9951}.Debug|Any CPU.ActiveCfg = Debug|Any CPU
		{40D7C72E-6CD4-4CDE-9C5C-2A630EFB9951}.Debug|Any CPU.Build.0 = Debug|Any CPU
		{40D7C72E-6CD4-4CDE-9C5C-2A630EFB9951}.Release|Any CPU.ActiveCfg = Release|Any CPU
		{40D7C72E-6CD4-4CDE-9C5C-2A630EFB9951}.Release|Any CPU.Build.0 = Release|Any CPU
		{109ADD2D-7C68-4D52-89CA-9FCC9739B582}.Debug|Any CPU.ActiveCfg = Debug|Any CPU
		{109ADD2D-7C68-4D52-89CA-9FCC9739B582}.Debug|Any CPU.Build.0 = Debug|Any CPU
		{109ADD2D-7C68-4D52-89CA-9FCC9739B582}.Release|Any CPU.ActiveCfg = Release|Any CPU
		{109ADD2D-7C68-4D52-89CA-9FCC9739B582}.Release|Any CPU.Build.0 = Release|Any CPU
		{1FAD121A-3FC8-4F5A-9FB8-04A153BFFCCA}.Debug|Any CPU.ActiveCfg = Debug|Any CPU
		{1FAD121A-3FC8-4F5A-9FB8-04A153BFFCCA}.Debug|Any CPU.Build.0 = Debug|Any CPU
		{1FAD121A-3FC8-4F5A-9FB8-04A153BFFCCA}.Release|Any CPU.ActiveCfg = Release|Any CPU
		{1FAD121A-3FC8-4F5A-9FB8-04A153BFFCCA}.Release|Any CPU.Build.0 = Release|Any CPU
		{E981FFCF-5BA9-442F-804E-355D99931DF1}.Debug|Any CPU.ActiveCfg = Debug|Any CPU
		{E981FFCF-5BA9-442F-804E-355D99931DF1}.Debug|Any CPU.Build.0 = Debug|Any CPU
		{E981FFCF-5BA9-442F-804E-355D99931DF1}.Release|Any CPU.ActiveCfg = Release|Any CPU
		{E981FFCF-5BA9-442F-804E-355D99931DF1}.Release|Any CPU.Build.0 = Release|Any CPU
		{97D21AFC-6FD7-47AE-BE4B-F4AB0514E3B7}.Debug|Any CPU.ActiveCfg = Debug|Any CPU
		{97D21AFC-6FD7-47AE-BE4B-F4AB0514E3B7}.Debug|Any CPU.Build.0 = Debug|Any CPU
		{97D21AFC-6FD7-47AE-BE4B-F4AB0514E3B7}.Release|Any CPU.ActiveCfg = Release|Any CPU
		{97D21AFC-6FD7-47AE-BE4B-F4AB0514E3B7}.Release|Any CPU.Build.0 = Release|Any CPU
		{45E8C4BB-20FE-4415-96BF-0EB631C4E806}.Debug|Any CPU.ActiveCfg = Debug|Any CPU
		{45E8C4BB-20FE-4415-96BF-0EB631C4E806}.Debug|Any CPU.Build.0 = Debug|Any CPU
		{45E8C4BB-20FE-4415-96BF-0EB631C4E806}.Release|Any CPU.ActiveCfg = Release|Any CPU
		{45E8C4BB-20FE-4415-96BF-0EB631C4E806}.Release|Any CPU.Build.0 = Release|Any CPU
		{C57ABD6D-B8A2-465E-AF74-48AFCDCC5542}.Debug|Any CPU.ActiveCfg = Debug|Any CPU
		{C57ABD6D-B8A2-465E-AF74-48AFCDCC5542}.Debug|Any CPU.Build.0 = Debug|Any CPU
		{C57ABD6D-B8A2-465E-AF74-48AFCDCC5542}.Release|Any CPU.ActiveCfg = Release|Any CPU
		{C57ABD6D-B8A2-465E-AF74-48AFCDCC5542}.Release|Any CPU.Build.0 = Release|Any CPU
	EndGlobalSection
	GlobalSection(SolutionProperties) = preSolution
		HideSolutionNode = FALSE
	EndGlobalSection
	GlobalSection(NestedProjects) = preSolution
		{135FABE2-0F9B-498C-9284-09884E35327C} = {3BE30879-0567-467A-90B6-9A667C692BC6}
		{9275C685-2CD6-4ED5-9398-A638A0C5EC6B} = {135FABE2-0F9B-498C-9284-09884E35327C}
		{9510BFD3-C017-453F-A458-8D6D3B5BFE73} = {60D1ED01-D21F-4CA7-9A0F-FE427D3761EA}
		{0AED0EE8-1AC2-41E5-9B47-DEF8F71ABF87} = {3BE30879-0567-467A-90B6-9A667C692BC6}
		{109ADD2D-7C68-4D52-89CA-9FCC9739B582} = {0AED0EE8-1AC2-41E5-9B47-DEF8F71ABF87}
		{BD740BB2-5ADD-4F9A-8992-E850B15B0055} = {3BE30879-0567-467A-90B6-9A667C692BC6}
		{1FAD121A-3FC8-4F5A-9FB8-04A153BFFCCA} = {BD740BB2-5ADD-4F9A-8992-E850B15B0055}
		{E65AEBBA-2813-4D49-B157-4DDA42EB5831} = {3BE30879-0567-467A-90B6-9A667C692BC6}
		{E981FFCF-5BA9-442F-804E-355D99931DF1} = {E65AEBBA-2813-4D49-B157-4DDA42EB5831}
		{97D21AFC-6FD7-47AE-BE4B-F4AB0514E3B7} = {E65AEBBA-2813-4D49-B157-4DDA42EB5831}
		{45E8C4BB-20FE-4415-96BF-0EB631C4E806} = {E65AEBBA-2813-4D49-B157-4DDA42EB5831}
		{C57ABD6D-B8A2-465E-AF74-48AFCDCC5542} = {E65AEBBA-2813-4D49-B157-4DDA42EB5831}
	EndGlobalSection
	GlobalSection(ExtensibilityGlobals) = postSolution
		SolutionGuid = {48AF7FD0-3318-4E85-A9B8-15F73ED6BCCA}
	EndGlobalSection
EndGlobal
